
Microsoft Visual Studio Solution File, Format Version 12.00
# Visual Studio 15
VisualStudioVersion = 15.0.28307.1082
MinimumVisualStudioVersion = 10.0.40219.1
Project("{FAE04EC0-301F-11D3-BF4B-00C04F79EFBC}") = "Ejercicio_1", "Ejercicio_1\Ejercicio_1.csproj", "{D9E5C41D-3C4A-4A23-BB53-C0E934DB9A04}"
EndProject
Global
	GlobalSection(SolutionConfigurationPlatforms) = preSolution
		Debug|Any CPU = Debug|Any CPU
		Release|Any CPU = Release|Any CPU
	EndGlobalSection
	GlobalSection(ProjectConfigurationPlatforms) = postSolution
		{D9E5C41D-3C4A-4A23-BB53-C0E934DB9A04}.Debug|Any CPU.ActiveCfg = Debug|Any CPU
		{D9E5C41D-3C4A-4A23-BB53-C0E934DB9A04}.Debug|Any CPU.Build.0 = Debug|Any CPU
		{D9E5C41D-3C4A-4A23-BB53-C0E934DB9A04}.Release|Any CPU.ActiveCfg = Release|Any CPU
		{D9E5C41D-3C4A-4A23-BB53-C0E934DB9A04}.Release|Any CPU.Build.0 = Release|Any CPU
	EndGlobalSection
	GlobalSection(SolutionProperties) = preSolution
		HideSolutionNode = FALSE
	EndGlobalSection
	GlobalSection(ExtensibilityGlobals) = postSolution
		SolutionGuid = {23B01B67-41E7-4C4A-BF3D-A820058C69B9}
	EndGlobalSection
EndGlobal
